
Microsoft Visual Studio Solution File, Format Version 12.00
# Visual Studio 15
VisualStudioVersion = 15.0.28010.2036
MinimumVisualStudioVersion = 10.0.40219.1
Project("{888888A0-9F3D-457C-B088-3A5042F75D52}") = "LaxLinkProto", "LaxLinkProto\LaxLinkProto.pyproj", "{B542A2F6-F1CC-4427-831A-5B2E2128DFB4}"
EndProject
Global
	GlobalSection(SolutionConfigurationPlatforms) = preSolution
		Debug|Any CPU = Debug|Any CPU
		Release|Any CPU = Release|Any CPU
	EndGlobalSection
	GlobalSection(ProjectConfigurationPlatforms) = postSolution
		{B542A2F6-F1CC-4427-831A-5B2E2128DFB4}.Debug|Any CPU.ActiveCfg = Debug|Any CPU
		{B542A2F6-F1CC-4427-831A-5B2E2128DFB4}.Debug|Any CPU.Build.0 = Debug|Any CPU
		{B542A2F6-F1CC-4427-831A-5B2E2128DFB4}.Release|Any CPU.ActiveCfg = Release|Any CPU
		{B542A2F6-F1CC-4427-831A-5B2E2128DFB4}.Release|Any CPU.Build.0 = Release|Any CPU
	EndGlobalSection
	GlobalSection(SolutionProperties) = preSolution
		HideSolutionNode = FALSE
	EndGlobalSection
	GlobalSection(ExtensibilityGlobals) = postSolution
		SolutionGuid = {8A085E41-8DB4-4489-AF15-A39AD9BE78A9}
	EndGlobalSection
EndGlobal
